
Microsoft Visual Studio Solution File, Format Version 12.00
# Visual Studio Version 17
VisualStudioVersion = 17.0.31903.59
MinimumVisualStudioVersion = 10.0.40219.1
Project("{FAE04EC0-301F-11D3-BF4B-00C04F79EFBC}") = "SmoothOperator", "SmoothOperator\SmoothOperator.csproj", "{04C1E920-AF19-4B5B-B08D-A4AC52309392}"
EndProject
Project("{FAE04EC0-301F-11D3-BF4B-00C04F79EFBC}") = "Cilindro", "Cilindro\Cilindro.csproj", "{DABB7B9B-431D-48F3-A6D3-73BC0AF2EAF5}"
EndProject
Project("{FAE04EC0-301F-11D3-BF4B-00C04F79EFBC}") = "ValoresEspeciais", "ValoresEspeciais\ValoresEspeciais.csproj", "{2FE9736F-F8C3-42F5-BB20-C504ECDFE787}"
EndProject
Project("{FAE04EC0-301F-11D3-BF4B-00C04F79EFBC}") = "IfExample", "IfExample\IfExample.csproj", "{CCB19215-F225-460C-B505-858932C16CD0}"
EndProject
Project("{FAE04EC0-301F-11D3-BF4B-00C04F79EFBC}") = "ChatGPTZero", "ChatGPTZero\ChatGPTZero.csproj", "{03D22C48-4976-4E94-B3E1-8F968D085627}"
EndProject
Project("{FAE04EC0-301F-11D3-BF4B-00C04F79EFBC}") = "BreakContinue", "BreakContinue\BreakContinue.csproj", "{CE30E0A5-588D-477B-803C-11CCFF623FE5}"
EndProject
Project("{FAE04EC0-301F-11D3-BF4B-00C04F79EFBC}") = "ChatGPTOne", "ChatGPTOne\ChatGPTOne.csproj", "{298C255B-E761-483C-9BCD-760360F33F66}"
EndProject
Global
	GlobalSection(SolutionConfigurationPlatforms) = preSolution
		Debug|Any CPU = Debug|Any CPU
		Release|Any CPU = Release|Any CPU
	EndGlobalSection
	GlobalSection(SolutionProperties) = preSolution
		HideSolutionNode = FALSE
	EndGlobalSection
	GlobalSection(ProjectConfigurationPlatforms) = postSolution
		{04C1E920-AF19-4B5B-B08D-A4AC52309392}.Debug|Any CPU.ActiveCfg = Debug|Any CPU
		{04C1E920-AF19-4B5B-B08D-A4AC52309392}.Debug|Any CPU.Build.0 = Debug|Any CPU
		{04C1E920-AF19-4B5B-B08D-A4AC52309392}.Release|Any CPU.ActiveCfg = Release|Any CPU
		{04C1E920-AF19-4B5B-B08D-A4AC52309392}.Release|Any CPU.Build.0 = Release|Any CPU
		{DABB7B9B-431D-48F3-A6D3-73BC0AF2EAF5}.Debug|Any CPU.ActiveCfg = Debug|Any CPU
		{DABB7B9B-431D-48F3-A6D3-73BC0AF2EAF5}.Debug|Any CPU.Build.0 = Debug|Any CPU
		{DABB7B9B-431D-48F3-A6D3-73BC0AF2EAF5}.Release|Any CPU.ActiveCfg = Release|Any CPU
		{DABB7B9B-431D-48F3-A6D3-73BC0AF2EAF5}.Release|Any CPU.Build.0 = Release|Any CPU
		{2FE9736F-F8C3-42F5-BB20-C504ECDFE787}.Debug|Any CPU.ActiveCfg = Debug|Any CPU
		{2FE9736F-F8C3-42F5-BB20-C504ECDFE787}.Debug|Any CPU.Build.0 = Debug|Any CPU
		{2FE9736F-F8C3-42F5-BB20-C504ECDFE787}.Release|Any CPU.ActiveCfg = Release|Any CPU
		{2FE9736F-F8C3-42F5-BB20-C504ECDFE787}.Release|Any CPU.Build.0 = Release|Any CPU
		{CCB19215-F225-460C-B505-858932C16CD0}.Debug|Any CPU.ActiveCfg = Debug|Any CPU
		{CCB19215-F225-460C-B505-858932C16CD0}.Debug|Any CPU.Build.0 = Debug|Any CPU
		{CCB19215-F225-460C-B505-858932C16CD0}.Release|Any CPU.ActiveCfg = Release|Any CPU
		{CCB19215-F225-460C-B505-858932C16CD0}.Release|Any CPU.Build.0 = Release|Any CPU
		{03D22C48-4976-4E94-B3E1-8F968D085627}.Debug|Any CPU.ActiveCfg = Debug|Any CPU
		{03D22C48-4976-4E94-B3E1-8F968D085627}.Debug|Any CPU.Build.0 = Debug|Any CPU
		{03D22C48-4976-4E94-B3E1-8F968D085627}.Release|Any CPU.ActiveCfg = Release|Any CPU
		{03D22C48-4976-4E94-B3E1-8F968D085627}.Release|Any CPU.Build.0 = Release|Any CPU
		{CE30E0A5-588D-477B-803C-11CCFF623FE5}.Debug|Any CPU.ActiveCfg = Debug|Any CPU
		{CE30E0A5-588D-477B-803C-11CCFF623FE5}.Debug|Any CPU.Build.0 = Debug|Any CPU
		{CE30E0A5-588D-477B-803C-11CCFF623FE5}.Release|Any CPU.ActiveCfg = Release|Any CPU
		{CE30E0A5-588D-477B-803C-11CCFF623FE5}.Release|Any CPU.Build.0 = Release|Any CPU
		{298C255B-E761-483C-9BCD-760360F33F66}.Debug|Any CPU.ActiveCfg = Debug|Any CPU
		{298C255B-E761-483C-9BCD-760360F33F66}.Debug|Any CPU.Build.0 = Debug|Any CPU
		{298C255B-E761-483C-9BCD-760360F33F66}.Release|Any CPU.ActiveCfg = Release|Any CPU
		{298C255B-E761-483C-9BCD-760360F33F66}.Release|Any CPU.Build.0 = Release|Any CPU
	EndGlobalSection
EndGlobal
